// !$*UTF8*$!
{
	archiveVersion = 1;
	classes = {
	};
	objectVersion = 46;
	objects = {

/* Begin PBXBuildFile section */
		934461191C0FA6BA005D1E05 /* AppDelegate.swift in Sources */ = {isa = PBXBuildFile; fileRef = 934461181C0FA6BA005D1E05 /* AppDelegate.swift */; };
		9344611B1C0FA6BA005D1E05 /* ViewController.swift in Sources */ = {isa = PBXBuildFile; fileRef = 9344611A1C0FA6BA005D1E05 /* ViewController.swift */; };
		9344611E1C0FA6BA005D1E05 /* Main.storyboard in Resources */ = {isa = PBXBuildFile; fileRef = 9344611C1C0FA6BA005D1E05 /* Main.storyboard */; };
		934461201C0FA6BA005D1E05 /* Assets.xcassets in Resources */ = {isa = PBXBuildFile; fileRef = 9344611F1C0FA6BA005D1E05 /* Assets.xcassets */; };
		934461231C0FA6BA005D1E05 /* LaunchScreen.storyboard in Resources */ = {isa = PBXBuildFile; fileRef = 934461211C0FA6BA005D1E05 /* LaunchScreen.storyboard */; };
/* End PBXBuildFile section */

/* Begin PBXFileReference section */
		934461151C0FA6BA005D1E05 /* TheMostAwesome.app */ = {isa = PBXFileReference; explicitFileType = wrapper.application; includeInIndex = 0; path = TheMostAwesome.app; sourceTree = BUILT_PRODUCTS_DIR; };
		934461181C0FA6BA005D1E05 /* AppDelegate.swift */ = {isa = PBXFileReference; lastKnownFileType = sourcecode.swift; path = AppDelegate.swift; sourceTree = "<group>"; };
		9344611A1C0FA6BA005D1E05 /* ViewController.swift */ = {isa = PBXFileReference; lastKnownFileType = sourcecode.swift; path = ViewController.swift; sourceTree = "<group>"; };
		9344611D1C0FA6BA005D1E05 /* Base */ = {isa = PBXFileReference; lastKnownFileType = file.storyboard; name = Base; path = Base.lproj/Main.storyboard; sourceTree = "<group>"; };
		9344611F1C0FA6BA005D1E05 /* Assets.xcassets */ = {isa = PBXFileReference; lastKnownFileType = folder.assetcatalog; path = Assets.xcassets; sourceTree = "<group>"; };
		934461221C0FA6BA005D1E05 /* Base */ = {isa = PBXFileReference; lastKnownFileType = file.storyboard; name = Base; path = Base.lproj/LaunchScreen.storyboard; sourceTree = "<group>"; };
		934461241C0FA6BA005D1E05 /* Info.plist */ = {isa = PBXFileReference; lastKnownFileType = text.plist.xml; path = Info.plist; sourceTree = "<group>"; };
/* End PBXFileReference section */

/* Begin PBXFrameworksBuildPhase section */
		934461121C0FA6BA005D1E05 /* Frameworks */ = {
			isa = PBXFrameworksBuildPhase;
			buildActionMask = 2147483647;
			files = (
			);
			runOnlyForDeploymentPostprocessing = 0;
		};
/* End PBXFrameworksBuildPhase section */

/* Begin PBXGroup section */
		9344610C1C0FA6BA005D1E05 = {
			isa = PBXGroup;
			children = (
				934461171C0FA6BA005D1E05 /* TheMostAwesome */,
				934461161C0FA6BA005D1E05 /* Products */,
			);
			sourceTree = "<group>";
		};
		934461161C0FA6BA005D1E05 /* Products */ = {
			isa = PBXGroup;
			children = (
				934461151C0FA6BA005D1E05 /* TheMostAwesome.app */,
			);
			name = Products;
			sourceTree = "<group>";
		};
		934461171C0FA6BA005D1E05 /* TheMostAwesome */ = {
			isa = PBXGroup;
			children = (
				934461181C0FA6BA005D1E05 /* AppDelegate.swift */,
				9344611A1C0FA6BA005D1E05 /* ViewController.swift */,
				9344611C1C0FA6BA005D1E05 /* Main.storyboard */,
				9344611F1C0FA6BA005D1E05 /* Assets.xcassets */,
				934461211C0FA6BA005D1E05 /* LaunchScreen.storyboard */,
				934461241C0FA6BA005D1E05 /* Info.plist */,
			);
			path = TheMostAwesome;
			sourceTree = "<group>";
		};
/* End PBXGroup section */

/* Begin PBXNativeTarget section */
		934461141C0FA6BA005D1E05 /* TheMostAwesome */ = {
			isa = PBXNativeTarget;
			buildConfigurationList = 934461271C0FA6BA005D1E05 /* Build configuration list for PBXNativeTarget "TheMostAwesome" */;
			buildPhases = (
				934461111C0FA6BA005D1E05 /* Sources */,
				934461121C0FA6BA005D1E05 /* Frameworks */,
				934461131C0FA6BA005D1E05 /* Resources */,
			);
			buildRules = (
			);
			dependencies = (
			);
			name = TheMostAwesome;
			productName = TheMostAwesome;
			productReference = 934461151C0FA6BA005D1E05 /* TheMostAwesome.app */;
			productType = "com.apple.product-type.application";
		};
/* End PBXNativeTarget section */

/* Begin PBXProject section */
		9344610D1C0FA6BA005D1E05 /* Project object */ = {
			isa = PBXProject;
			attributes = {
				LastSwiftUpdateCheck = 0710;
				LastUpgradeCheck = 0710;
				ORGANIZATIONNAME = "Sandquist, Cassandra - Cassandra";
				TargetAttributes = {
					934461141C0FA6BA005D1E05 = {
						CreatedOnToolsVersion = 7.1.1;
					};
				};
			};
			buildConfigurationList = 934461101C0FA6BA005D1E05 /* Build configuration list for PBXProject "TheMostAwesome" */;
			compatibilityVersion = "Xcode 3.2";
			developmentRegion = English;
			hasScannedForEncodings = 0;
			knownRegions = (
				en,
				Base,
			);
			mainGroup = 9344610C1C0FA6BA005D1E05;
			productRefGroup = 934461161C0FA6BA005D1E05 /* Products */;
			projectDirPath = "";
			projectRoot = "";
			targets = (
				934461141C0FA6BA005D1E05 /* TheMostAwesome */,
			);
		};
/* End PBXProject section */

/* Begin PBXResourcesBuildPhase section */
		934461131C0FA6BA005D1E05 /* Resources */ = {
			isa = PBXResourcesBuildPhase;
			buildActionMask = 2147483647;
			files = (
				934461231C0FA6BA005D1E05 /* LaunchScreen.storyboard in Resources */,
				934461201C0FA6BA005D1E05 /* Assets.xcassets in Resources */,
				9344611E1C0FA6BA005D1E05 /* Main.storyboard in Resources */,
			);
			runOnlyForDeploymentPostprocessing = 0;
		};
/* End PBXResourcesBuildPhase section */

/* Begin PBXSourcesBuildPhase section */
		934461111C0FA6BA005D1E05 /* Sources */ = {
			isa = PBXSourcesBuildPhase;
			buildActionMask = 2147483647;
			files = (
				9344611B1C0FA6BA005D1E05 /* ViewController.swift in Sources */,
				934461191C0FA6BA005D1E05 /* AppDelegate.swift in Sources */,
			);
			runOnlyForDeploymentPostprocessing = 0;
		};
/* End PBXSourcesBuildPhase section */

/* Begin PBXVariantGroup section */
		9344611C1C0FA6BA005D1E05 /* Main.storyboard */ = {
			isa = PBXVariantGroup;
			children = (
				9344611D1C0FA6BA005D1E05 /* Base */,
			);
			name = Main.storyboard;
			sourceTree = "<group>";
		};
		934461211C0FA6BA005D1E05 /* LaunchScreen.storyboard */ = {
			isa = PBXVariantGroup;
			children = (
				934461221C0FA6BA005D1E05 /* Base */,
			);
			name = LaunchScreen.storyboard;
			sourceTree = "<group>";
		};
/* End PBXVariantGroup section */

/* Begin XCBuildConfiguration section */
		934461251C0FA6BA005D1E05 /* Debug */ = {
			isa = XCBuildConfiguration;
			buildSettings = {
				ALWAYS_SEARCH_USER_PATHS = NO;
				CLANG_CXX_LANGUAGE_STANDARD = "gnu++0x";
				CLANG_CXX_LIBRARY = "libc++";
				CLANG_ENABLE_MODULES = YES;
				CLANG_ENABLE_OBJC_ARC = YES;
				CLANG_WARN_BOOL_CONVERSION = YES;
				CLANG_WARN_CONSTANT_CONVERSION = YES;
				CLANG_WARN_DIRECT_OBJC_ISA_USAGE = YES_ERROR;
				CLANG_WARN_EMPTY_BODY = YES;
				CLANG_WARN_ENUM_CONVERSION = YES;
				CLANG_WARN_INT_CONVERSION = YES;
				CLANG_WARN_OBJC_ROOT_CLASS = YES_ERROR;
				CLANG_WARN_UNREACHABLE_CODE = YES;
				CLANG_WARN__DUPLICATE_METHOD_MATCH = YES;
				"CODE_SIGN_IDENTITY[sdk=iphoneos*]" = "iPhone Developer";
				COPY_PHASE_STRIP = NO;
				DEBUG_INFORMATION_FORMAT = dwarf;
				ENABLE_STRICT_OBJC_MSGSEND = YES;
				ENABLE_TESTABILITY = YES;
				GCC_C_LANGUAGE_STANDARD = gnu99;
				GCC_DYNAMIC_NO_PIC = NO;
				GCC_NO_COMMON_BLOCKS = YES;
				GCC_OPTIMIZATION_LEVEL = 0;
				GCC_PREPROCESSOR_DEFINITIONS = (
					"DEBUG=1",
					"$(inherited)",
				);
				GCC_WARN_64_TO_32_BIT_CONVERSION = YES;
				GCC_WARN_ABOUT_RETURN_TYPE = YES_ERROR;
				GCC_WARN_UNDECLARED_SELECTOR = YES;
				GCC_WARN_UNINITIALIZED_AUTOS = YES_AGGRESSIVE;
				GCC_WARN_UNUSED_FUNCTION = YES;
				GCC_WARN_UNUSED_VARIABLE = YES;
				IPHONEOS_DEPLOYMENT_TARGET = 9.1;
				MTL_ENABLE_DEBUG_INFO = YES;
				ONLY_ACTIVE_ARCH = YES;
				SDKROOT = iphoneos;
				SWIFT_OPTIMIZATION_LEVEL = "-Onone";
				TARGETED_DEVICE_FAMILY = "1,2";
			};
			name = Debug;
		};
		934461261C0FA6BA005D1E05 /* Release */ = {
			isa = XCBuildConfiguration;
			buildSettings = {
				ALWAYS_SEARCH_USER_PATHS = NO;
				CLANG_CXX_LANGUAGE_STANDARD = "gnu++0x";
				CLANG_CXX_LIBRARY = "libc++";
				CLANG_ENABLE_MODULES = YES;
				CLANG_ENABLE_OBJC_ARC = YES;
				CLANG_WARN_BOOL_CONVERSION = YES;
				CLANG_WARN_CONSTANT_CONVERSION = YES;
				CLANG_WARN_DIRECT_OBJC_ISA_USAGE = YES_ERROR;
				CLANG_WARN_EMPTY_BODY = YES;
				CLANG_WARN_ENUM_CONVERSION = YES;
				CLANG_WARN_INT_CONVERSION = YES;
				CLANG_WARN_OBJC_ROOT_CLASS = YES_ERROR;
				CLANG_WARN_UNREACHABLE_CODE = YES;
				CLANG_WARN__DUPLICATE_METHOD_MATCH = YES;
				"CODE_SIGN_IDENTITY[sdk=iphoneos*]" = "iPhone Developer";
				COPY_PHASE_STRIP = NO;
				DEBUG_INFORMATION_FORMAT = "dwarf-with-dsym";
				ENABLE_NS_ASSERTIONS = NO;
				ENABLE_STRICT_OBJC_MSGSEND = YES;
				GCC_C_LANGUAGE_STANDARD = gnu99;
				GCC_NO_COMMON_BLOCKS = YES;
				GCC_WARN_64_TO_32_BIT_CONVERSION = YES;
				GCC_WARN_ABOUT_RETURN_TYPE = YES_ERROR;
				GCC_WARN_UNDECLARED_SELECTOR = YES;
				GCC_WARN_UNINITIALIZED_AUTOS = YES_AGGRESSIVE;
				GCC_WARN_UNUSED_FUNCTION = YES;
				GCC_WARN_UNUSED_VARIABLE = YES;
				IPHONEOS_DEPLOYMENT_TARGET = 9.1;
				MTL_ENABLE_DEBUG_INFO = NO;
				SDKROOT = iphoneos;
				TARGETED_DEVICE_FAMILY = "1,2";
				VALIDATE_PRODUCT = YES;
			};
			name = Release;
		};
		934461281C0FA6BA005D1E05 /* Debug */ = {
			isa = XCBuildConfiguration;
			buildSettings = {
				ASSETCATALOG_COMPILER_APPICON_NAME = AppIcon;
				INFOPLIST_FILE = TheMostAwesome/Info.plist;
				LD_RUNPATH_SEARCH_PATHS = "$(inherited) @executable_path/Frameworks";
				PRODUCT_BUNDLE_IDENTIFIER = self.edu.robotwholearned.TheMostAwesome;
				PRODUCT_NAME = "$(TARGET_NAME)";
			};
			name = Debug;
		};
		934461291C0FA6BA005D1E05 /* Release */ = {
			isa = XCBuildConfiguration;
			buildSettings = {
				ASSETCATALOG_COMPILER_APPICON_NAME = AppIcon;
				INFOPLIST_FILE = TheMostAwesome/Info.plist;
				LD_RUNPATH_SEARCH_PATHS = "$(inherited) @executable_path/Frameworks";
				PRODUCT_BUNDLE_IDENTIFIER = self.edu.robotwholearned.TheMostAwesome;
				PRODUCT_NAME = "$(TARGET_NAME)";
			};
			name = Release;
		};
/* End XCBuildConfiguration section */

/* Begin XCConfigurationList section */
		934461101C0FA6BA005D1E05 /* Build configuration list for PBXProject "TheMostAwesome" */ = {
			isa = XCConfigurationList;
			buildConfigurations = (
				934461251C0FA6BA005D1E05 /* Debug */,
				934461261C0FA6BA005D1E05 /* Release */,
			);
			defaultConfigurationIsVisible = 0;
			defaultConfigurationName = Release;
		};
		934461271C0FA6BA005D1E05 /* Build configuration list for PBXNativeTarget "TheMostAwesome" */ = {
			isa = XCConfigurationList;
			buildConfigurations = (
				934461281C0FA6BA005D1E05 /* Debug */,
				934461291C0FA6BA005D1E05 /* Release */,
			);
			defaultConfigurationIsVisible = 0;
		};
/* End XCConfigurationList section */
	};
	rootObject = 9344610D1C0FA6BA005D1E05 /* Project object */;
}
